
Microsoft Visual Studio Solution File, Format Version 12.00
# Visual Studio Version 17
VisualStudioVersion = 17.7.34024.191
MinimumVisualStudioVersion = 10.0.40219.1
Project("{FAE04EC0-301F-11D3-BF4B-00C04F79EFBC}") = "Part_01_serialize", "Lab_08\Part_01_serialize.csproj", "{1234B745-93EC-4F25-98AF-51D634ED7BFD}"
	ProjectSection(ProjectDependencies) = postProject
		{0C072A9E-9D92-4AD7-AA0D-977129723613} = {0C072A9E-9D92-4AD7-AA0D-977129723613}
	EndProjectSection
EndProject
Project("{FAE04EC0-301F-11D3-BF4B-00C04F79EFBC}") = "ClassLibrary1", "ClassLibrary1\ClassLibrary1.csproj", "{0C072A9E-9D92-4AD7-AA0D-977129723613}"
EndProject
Project("{FAE04EC0-301F-11D3-BF4B-00C04F79EFBC}") = "Part_01_deserialize", "Part_01_deserialize\Part_01_deserialize.csproj", "{C4EA6478-5709-43D9-BCAF-FB05C4657BD8}"
EndProject
Project("{FAE04EC0-301F-11D3-BF4B-00C04F79EFBC}") = "Part_02", "Part_02\Part_02.csproj", "{7EB800F5-D3C0-471F-9AC0-95829FA37516}"
EndProject
Global
	GlobalSection(SolutionConfigurationPlatforms) = preSolution
		Debug|Any CPU = Debug|Any CPU
		Release|Any CPU = Release|Any CPU
	EndGlobalSection
	GlobalSection(ProjectConfigurationPlatforms) = postSolution
		{1234B745-93EC-4F25-98AF-51D634ED7BFD}.Debug|Any CPU.ActiveCfg = Debug|Any CPU
		{1234B745-93EC-4F25-98AF-51D634ED7BFD}.Debug|Any CPU.Build.0 = Debug|Any CPU
		{1234B745-93EC-4F25-98AF-51D634ED7BFD}.Release|Any CPU.ActiveCfg = Release|Any CPU
		{1234B745-93EC-4F25-98AF-51D634ED7BFD}.Release|Any CPU.Build.0 = Release|Any CPU
		{0C072A9E-9D92-4AD7-AA0D-977129723613}.Debug|Any CPU.ActiveCfg = Debug|Any CPU
		{0C072A9E-9D92-4AD7-AA0D-977129723613}.Debug|Any CPU.Build.0 = Debug|Any CPU
		{0C072A9E-9D92-4AD7-AA0D-977129723613}.Release|Any CPU.ActiveCfg = Release|Any CPU
		{0C072A9E-9D92-4AD7-AA0D-977129723613}.Release|Any CPU.Build.0 = Release|Any CPU
		{C4EA6478-5709-43D9-BCAF-FB05C4657BD8}.Debug|Any CPU.ActiveCfg = Debug|Any CPU
		{C4EA6478-5709-43D9-BCAF-FB05C4657BD8}.Debug|Any CPU.Build.0 = Debug|Any CPU
		{C4EA6478-5709-43D9-BCAF-FB05C4657BD8}.Release|Any CPU.ActiveCfg = Release|Any CPU
		{C4EA6478-5709-43D9-BCAF-FB05C4657BD8}.Release|Any CPU.Build.0 = Release|Any CPU
		{7EB800F5-D3C0-471F-9AC0-95829FA37516}.Debug|Any CPU.ActiveCfg = Debug|Any CPU
		{7EB800F5-D3C0-471F-9AC0-95829FA37516}.Debug|Any CPU.Build.0 = Debug|Any CPU
		{7EB800F5-D3C0-471F-9AC0-95829FA37516}.Release|Any CPU.ActiveCfg = Release|Any CPU
		{7EB800F5-D3C0-471F-9AC0-95829FA37516}.Release|Any CPU.Build.0 = Release|Any CPU
	EndGlobalSection
	GlobalSection(SolutionProperties) = preSolution
		HideSolutionNode = FALSE
	EndGlobalSection
	GlobalSection(ExtensibilityGlobals) = postSolution
		SolutionGuid = {8B1B0D74-24F4-4CF2-BF55-DBA3130B1602}
	EndGlobalSection
EndGlobal
